
Microsoft Visual Studio Solution File, Format Version 12.00
# Visual Studio Version 16
VisualStudioVersion = 16.0.29306.81
MinimumVisualStudioVersion = 10.0.40219.1
Project("{FAE04EC0-301F-11D3-BF4B-00C04F79EFBC}") = "firstApp", "firstApp\firstApp.csproj", "{05C0DAD6-3A6E-4E09-9E93-0C0519D848A2}"
EndProject
Project("{FAE04EC0-301F-11D3-BF4B-00C04F79EFBC}") = "firstAppTests", "firstAppTests\firstAppTests.csproj", "{18838F79-752E-434A-B410-FFAB9D3F3217}"
EndProject
Global
	GlobalSection(SolutionConfigurationPlatforms) = preSolution
		Debug|Any CPU = Debug|Any CPU
		Release|Any CPU = Release|Any CPU
	EndGlobalSection
	GlobalSection(ProjectConfigurationPlatforms) = postSolution
		{05C0DAD6-3A6E-4E09-9E93-0C0519D848A2}.Debug|Any CPU.ActiveCfg = Debug|Any CPU
		{05C0DAD6-3A6E-4E09-9E93-0C0519D848A2}.Debug|Any CPU.Build.0 = Debug|Any CPU
		{05C0DAD6-3A6E-4E09-9E93-0C0519D848A2}.Release|Any CPU.ActiveCfg = Release|Any CPU
		{05C0DAD6-3A6E-4E09-9E93-0C0519D848A2}.Release|Any CPU.Build.0 = Release|Any CPU
		{18838F79-752E-434A-B410-FFAB9D3F3217}.Debug|Any CPU.ActiveCfg = Debug|Any CPU
		{18838F79-752E-434A-B410-FFAB9D3F3217}.Debug|Any CPU.Build.0 = Debug|Any CPU
		{18838F79-752E-434A-B410-FFAB9D3F3217}.Release|Any CPU.ActiveCfg = Release|Any CPU
		{18838F79-752E-434A-B410-FFAB9D3F3217}.Release|Any CPU.Build.0 = Release|Any CPU
	EndGlobalSection
	GlobalSection(SolutionProperties) = preSolution
		HideSolutionNode = FALSE
	EndGlobalSection
	GlobalSection(ExtensibilityGlobals) = postSolution
		SolutionGuid = {94707F08-1147-4BC7-AD1C-3C5682B7A556}
	EndGlobalSection
EndGlobal
